// !$*UTF8*$!
{
	archiveVersion = 1;
	classes = {
	};
	objectVersion = 50;
	objects = {

/* Begin PBXBuildFile section */
		00CA721722BA8D50003FD18A /* AppDelegate.swift in Sources */ = {isa = PBXBuildFile; fileRef = 00CA721622BA8D50003FD18A /* AppDelegate.swift */; };
		00CA721922BA8D50003FD18A /* ViewController.swift in Sources */ = {isa = PBXBuildFile; fileRef = 00CA721822BA8D50003FD18A /* ViewController.swift */; };
		00CA721C22BA8D50003FD18A /* Main.storyboard in Resources */ = {isa = PBXBuildFile; fileRef = 00CA721A22BA8D50003FD18A /* Main.storyboard */; };
		00CA721F22BA8D50003FD18A /* CoreDataWithRelationship.xcdatamodeld in Sources */ = {isa = PBXBuildFile; fileRef = 00CA721D22BA8D50003FD18A /* CoreDataWithRelationship.xcdatamodeld */; };
		00CA722122BA8D52003FD18A /* Assets.xcassets in Resources */ = {isa = PBXBuildFile; fileRef = 00CA722022BA8D52003FD18A /* Assets.xcassets */; };
		00CA722422BA8D52003FD18A /* LaunchScreen.storyboard in Resources */ = {isa = PBXBuildFile; fileRef = 00CA722222BA8D52003FD18A /* LaunchScreen.storyboard */; };
/* End PBXBuildFile section */

/* Begin PBXFileReference section */
		00CA721322BA8D50003FD18A /* CoreDataWithRelationship.app */ = {isa = PBXFileReference; explicitFileType = wrapper.application; includeInIndex = 0; path = CoreDataWithRelationship.app; sourceTree = BUILT_PRODUCTS_DIR; };
		00CA721622BA8D50003FD18A /* AppDelegate.swift */ = {isa = PBXFileReference; lastKnownFileType = sourcecode.swift; path = AppDelegate.swift; sourceTree = "<group>"; };
		00CA721822BA8D50003FD18A /* ViewController.swift */ = {isa = PBXFileReference; lastKnownFileType = sourcecode.swift; path = ViewController.swift; sourceTree = "<group>"; };
		00CA721B22BA8D50003FD18A /* Base */ = {isa = PBXFileReference; lastKnownFileType = file.storyboard; name = Base; path = Base.lproj/Main.storyboard; sourceTree = "<group>"; };
		00CA721E22BA8D50003FD18A /* CoreDataWithRelationship.xcdatamodel */ = {isa = PBXFileReference; lastKnownFileType = wrapper.xcdatamodel; path = CoreDataWithRelationship.xcdatamodel; sourceTree = "<group>"; };
		00CA722022BA8D52003FD18A /* Assets.xcassets */ = {isa = PBXFileReference; lastKnownFileType = folder.assetcatalog; path = Assets.xcassets; sourceTree = "<group>"; };
		00CA722322BA8D52003FD18A /* Base */ = {isa = PBXFileReference; lastKnownFileType = file.storyboard; name = Base; path = Base.lproj/LaunchScreen.storyboard; sourceTree = "<group>"; };
		00CA722522BA8D52003FD18A /* Info.plist */ = {isa = PBXFileReference; lastKnownFileType = text.plist.xml; path = Info.plist; sourceTree = "<group>"; };
/* End PBXFileReference section */

/* Begin PBXFrameworksBuildPhase section */
		00CA721022BA8D50003FD18A /* Frameworks */ = {
			isa = PBXFrameworksBuildPhase;
			buildActionMask = 2147483647;
			files = (
			);
			runOnlyForDeploymentPostprocessing = 0;
		};
/* End PBXFrameworksBuildPhase section */

/* Begin PBXGroup section */
		00CA720A22BA8D50003FD18A = {
			isa = PBXGroup;
			children = (
				00CA721522BA8D50003FD18A /* CoreDataWithRelationship */,
				00CA721422BA8D50003FD18A /* Products */,
			);
			sourceTree = "<group>";
		};
		00CA721422BA8D50003FD18A /* Products */ = {
			isa = PBXGroup;
			children = (
				00CA721322BA8D50003FD18A /* CoreDataWithRelationship.app */,
			);
			name = Products;
			sourceTree = "<group>";
		};
		00CA721522BA8D50003FD18A /* CoreDataWithRelationship */ = {
			isa = PBXGroup;
			children = (
				00CA721622BA8D50003FD18A /* AppDelegate.swift */,
				00CA721822BA8D50003FD18A /* ViewController.swift */,
				00CA721A22BA8D50003FD18A /* Main.storyboard */,
				00CA722022BA8D52003FD18A /* Assets.xcassets */,
				00CA722222BA8D52003FD18A /* LaunchScreen.storyboard */,
				00CA722522BA8D52003FD18A /* Info.plist */,
				00CA721D22BA8D50003FD18A /* CoreDataWithRelationship.xcdatamodeld */,
			);
			path = CoreDataWithRelationship;
			sourceTree = "<group>";
		};
/* End PBXGroup section */

/* Begin PBXNativeTarget section */
		00CA721222BA8D50003FD18A /* CoreDataWithRelationship */ = {
			isa = PBXNativeTarget;
			buildConfigurationList = 00CA722822BA8D52003FD18A /* Build configuration list for PBXNativeTarget "CoreDataWithRelationship" */;
			buildPhases = (
				00CA720F22BA8D50003FD18A /* Sources */,
				00CA721022BA8D50003FD18A /* Frameworks */,
				00CA721122BA8D50003FD18A /* Resources */,
			);
			buildRules = (
			);
			dependencies = (
			);
			name = CoreDataWithRelationship;
			productName = CoreDataWithRelationship;
			productReference = 00CA721322BA8D50003FD18A /* CoreDataWithRelationship.app */;
			productType = "com.apple.product-type.application";
		};
/* End PBXNativeTarget section */

/* Begin PBXProject section */
		00CA720B22BA8D50003FD18A /* Project object */ = {
			isa = PBXProject;
			attributes = {
				LastSwiftUpdateCheck = 1020;
				LastUpgradeCheck = 1020;
				ORGANIZATIONNAME = A;
				TargetAttributes = {
					00CA721222BA8D50003FD18A = {
						CreatedOnToolsVersion = 10.2;
					};
				};
			};
			buildConfigurationList = 00CA720E22BA8D50003FD18A /* Build configuration list for PBXProject "CoreDataWithRelationship" */;
			compatibilityVersion = "Xcode 9.3";
			developmentRegion = en;
			hasScannedForEncodings = 0;
			knownRegions = (
				en,
				Base,
			);
			mainGroup = 00CA720A22BA8D50003FD18A;
			productRefGroup = 00CA721422BA8D50003FD18A /* Products */;
			projectDirPath = "";
			projectRoot = "";
			targets = (
				00CA721222BA8D50003FD18A /* CoreDataWithRelationship */,
			);
		};
/* End PBXProject section */

/* Begin PBXResourcesBuildPhase section */
		00CA721122BA8D50003FD18A /* Resources */ = {
			isa = PBXResourcesBuildPhase;
			buildActionMask = 2147483647;
			files = (
				00CA722422BA8D52003FD18A /* LaunchScreen.storyboard in Resources */,
				00CA722122BA8D52003FD18A /* Assets.xcassets in Resources */,
				00CA721C22BA8D50003FD18A /* Main.storyboard in Resources */,
			);
			runOnlyForDeploymentPostprocessing = 0;
		};
/* End PBXResourcesBuildPhase section */

/* Begin PBXSourcesBuildPhase section */
		00CA720F22BA8D50003FD18A /* Sources */ = {
			isa = PBXSourcesBuildPhase;
			buildActionMask = 2147483647;
			files = (
				00CA721922BA8D50003FD18A /* ViewController.swift in Sources */,
				00CA721722BA8D50003FD18A /* AppDelegate.swift in Sources */,
				00CA721F22BA8D50003FD18A /* CoreDataWithRelationship.xcdatamodeld in Sources */,
			);
			runOnlyForDeploymentPostprocessing = 0;
		};
/* End PBXSourcesBuildPhase section */

/* Begin PBXVariantGroup section */
		00CA721A22BA8D50003FD18A /* Main.storyboard */ = {
			isa = PBXVariantGroup;
			children = (
				00CA721B22BA8D50003FD18A /* Base */,
			);
			name = Main.storyboard;
			sourceTree = "<group>";
		};
		00CA722222BA8D52003FD18A /* LaunchScreen.storyboard */ = {
			isa = PBXVariantGroup;
			children = (
				00CA722322BA8D52003FD18A /* Base */,
			);
			name = LaunchScreen.storyboard;
			sourceTree = "<group>";
		};
/* End PBXVariantGroup section */

/* Begin XCBuildConfiguration section */
		00CA722622BA8D52003FD18A /* Debug */ = {
			isa = XCBuildConfiguration;
			buildSettings = {
				ALWAYS_SEARCH_USER_PATHS = NO;
				CLANG_ANALYZER_NONNULL = YES;
				CLANG_ANALYZER_NUMBER_OBJECT_CONVERSION = YES_AGGRESSIVE;
				CLANG_CXX_LANGUAGE_STANDARD = "gnu++14";
				CLANG_CXX_LIBRARY = "libc++";
				CLANG_ENABLE_MODULES = YES;
				CLANG_ENABLE_OBJC_ARC = YES;
				CLANG_ENABLE_OBJC_WEAK = YES;
				CLANG_WARN_BLOCK_CAPTURE_AUTORELEASING = YES;
				CLANG_WARN_BOOL_CONVERSION = YES;
				CLANG_WARN_COMMA = YES;
				CLANG_WARN_CONSTANT_CONVERSION = YES;
				CLANG_WARN_DEPRECATED_OBJC_IMPLEMENTATIONS = YES;
				CLANG_WARN_DIRECT_OBJC_ISA_USAGE = YES_ERROR;
				CLANG_WARN_DOCUMENTATION_COMMENTS = YES;
				CLANG_WARN_EMPTY_BODY = YES;
				CLANG_WARN_ENUM_CONVERSION = YES;
				CLANG_WARN_INFINITE_RECURSION = YES;
				CLANG_WARN_INT_CONVERSION = YES;
				CLANG_WARN_NON_LITERAL_NULL_CONVERSION = YES;
				CLANG_WARN_OBJC_IMPLICIT_RETAIN_SELF = YES;
				CLANG_WARN_OBJC_LITERAL_CONVERSION = YES;
				CLANG_WARN_OBJC_ROOT_CLASS = YES_ERROR;
				CLANG_WARN_RANGE_LOOP_ANALYSIS = YES;
				CLANG_WARN_STRICT_PROTOTYPES = YES;
				CLANG_WARN_SUSPICIOUS_MOVE = YES;
				CLANG_WARN_UNGUARDED_AVAILABILITY = YES_AGGRESSIVE;
				CLANG_WARN_UNREACHABLE_CODE = YES;
				CLANG_WARN__DUPLICATE_METHOD_MATCH = YES;
				CODE_SIGN_IDENTITY = "iPhone Developer";
				COPY_PHASE_STRIP = NO;
				DEBUG_INFORMATION_FORMAT = dwarf;
				ENABLE_STRICT_OBJC_MSGSEND = YES;
				ENABLE_TESTABILITY = YES;
				GCC_C_LANGUAGE_STANDARD = gnu11;
				GCC_DYNAMIC_NO_PIC = NO;
				GCC_NO_COMMON_BLOCKS = YES;
				GCC_OPTIMIZATION_LEVEL = 0;
				GCC_PREPROCESSOR_DEFINITIONS = (
					"DEBUG=1",
					"$(inherited)",
				);
				GCC_WARN_64_TO_32_BIT_CONVERSION = YES;
				GCC_WARN_ABOUT_RETURN_TYPE = YES_ERROR;
				GCC_WARN_UNDECLARED_SELECTOR = YES;
				GCC_WARN_UNINITIALIZED_AUTOS = YES_AGGRESSIVE;
				GCC_WARN_UNUSED_FUNCTION = YES;
				GCC_WARN_UNUSED_VARIABLE = YES;
				IPHONEOS_DEPLOYMENT_TARGET = 12.2;
				MTL_ENABLE_DEBUG_INFO = INCLUDE_SOURCE;
				MTL_FAST_MATH = YES;
				ONLY_ACTIVE_ARCH = YES;
				SDKROOT = iphoneos;
				SWIFT_ACTIVE_COMPILATION_CONDITIONS = DEBUG;
				SWIFT_OPTIMIZATION_LEVEL = "-Onone";
			};
			name = Debug;
		};
		00CA722722BA8D52003FD18A /* Release */ = {
			isa = XCBuildConfiguration;
			buildSettings = {
				ALWAYS_SEARCH_USER_PATHS = NO;
				CLANG_ANALYZER_NONNULL = YES;
				CLANG_ANALYZER_NUMBER_OBJECT_CONVERSION = YES_AGGRESSIVE;
				CLANG_CXX_LANGUAGE_STANDARD = "gnu++14";
				CLANG_CXX_LIBRARY = "libc++";
				CLANG_ENABLE_MODULES = YES;
				CLANG_ENABLE_OBJC_ARC = YES;
				CLANG_ENABLE_OBJC_WEAK = YES;
				CLANG_WARN_BLOCK_CAPTURE_AUTORELEASING = YES;
				CLANG_WARN_BOOL_CONVERSION = YES;
				CLANG_WARN_COMMA = YES;
				CLANG_WARN_CONSTANT_CONVERSION = YES;
				CLANG_WARN_DEPRECATED_OBJC_IMPLEMENTATIONS = YES;
				CLANG_WARN_DIRECT_OBJC_ISA_USAGE = YES_ERROR;
				CLANG_WARN_DOCUMENTATION_COMMENTS = YES;
				CLANG_WARN_EMPTY_BODY = YES;
				CLANG_WARN_ENUM_CONVERSION = YES;
				CLANG_WARN_INFINITE_RECURSION = YES;
				CLANG_WARN_INT_CONVERSION = YES;
				CLANG_WARN_NON_LITERAL_NULL_CONVERSION = YES;
				CLANG_WARN_OBJC_IMPLICIT_RETAIN_SELF = YES;
				CLANG_WARN_OBJC_LITERAL_CONVERSION = YES;
				CLANG_WARN_OBJC_ROOT_CLASS = YES_ERROR;
				CLANG_WARN_RANGE_LOOP_ANALYSIS = YES;
				CLANG_WARN_STRICT_PROTOTYPES = YES;
				CLANG_WARN_SUSPICIOUS_MOVE = YES;
				CLANG_WARN_UNGUARDED_AVAILABILITY = YES_AGGRESSIVE;
				CLANG_WARN_UNREACHABLE_CODE = YES;
				CLANG_WARN__DUPLICATE_METHOD_MATCH = YES;
				CODE_SIGN_IDENTITY = "iPhone Developer";
				COPY_PHASE_STRIP = NO;
				DEBUG_INFORMATION_FORMAT = "dwarf-with-dsym";
				ENABLE_NS_ASSERTIONS = NO;
				ENABLE_STRICT_OBJC_MSGSEND = YES;
				GCC_C_LANGUAGE_STANDARD = gnu11;
				GCC_NO_COMMON_BLOCKS = YES;
				GCC_WARN_64_TO_32_BIT_CONVERSION = YES;
				GCC_WARN_ABOUT_RETURN_TYPE = YES_ERROR;
				GCC_WARN_UNDECLARED_SELECTOR = YES;
				GCC_WARN_UNINITIALIZED_AUTOS = YES_AGGRESSIVE;
				GCC_WARN_UNUSED_FUNCTION = YES;
				GCC_WARN_UNUSED_VARIABLE = YES;
				IPHONEOS_DEPLOYMENT_TARGET = 12.2;
				MTL_ENABLE_DEBUG_INFO = NO;
				MTL_FAST_MATH = YES;
				SDKROOT = iphoneos;
				SWIFT_COMPILATION_MODE = wholemodule;
				SWIFT_OPTIMIZATION_LEVEL = "-O";
				VALIDATE_PRODUCT = YES;
			};
			name = Release;
		};
		00CA722922BA8D52003FD18A /* Debug */ = {
			isa = XCBuildConfiguration;
			buildSettings = {
				ASSETCATALOG_COMPILER_APPICON_NAME = AppIcon;
				CODE_SIGN_STYLE = Automatic;
				DEVELOPMENT_TEAM = C2WZ997HDM;
				INFOPLIST_FILE = CoreDataWithRelationship/Info.plist;
				LD_RUNPATH_SEARCH_PATHS = (
					"$(inherited)",
					"@executable_path/Frameworks",
				);
				PRODUCT_BUNDLE_IDENTIFIER = com.a.CoreDataWithRelationship;
				PRODUCT_NAME = "$(TARGET_NAME)";
				SWIFT_VERSION = 5.0;
				TARGETED_DEVICE_FAMILY = "1,2";
			};
			name = Debug;
		};
		00CA722A22BA8D52003FD18A /* Release */ = {
			isa = XCBuildConfiguration;
			buildSettings = {
				ASSETCATALOG_COMPILER_APPICON_NAME = AppIcon;
				CODE_SIGN_STYLE = Automatic;
				DEVELOPMENT_TEAM = C2WZ997HDM;
				INFOPLIST_FILE = CoreDataWithRelationship/Info.plist;
				LD_RUNPATH_SEARCH_PATHS = (
					"$(inherited)",
					"@executable_path/Frameworks",
				);
				PRODUCT_BUNDLE_IDENTIFIER = com.a.CoreDataWithRelationship;
				PRODUCT_NAME = "$(TARGET_NAME)";
				SWIFT_VERSION = 5.0;
				TARGETED_DEVICE_FAMILY = "1,2";
			};
			name = Release;
		};
/* End XCBuildConfiguration section */

/* Begin XCConfigurationList section */
		00CA720E22BA8D50003FD18A /* Build configuration list for PBXProject "CoreDataWithRelationship" */ = {
			isa = XCConfigurationList;
			buildConfigurations = (
				00CA722622BA8D52003FD18A /* Debug */,
				00CA722722BA8D52003FD18A /* Release */,
			);
			defaultConfigurationIsVisible = 0;
			defaultConfigurationName = Release;
		};
		00CA722822BA8D52003FD18A /* Build configuration list for PBXNativeTarget "CoreDataWithRelationship" */ = {
			isa = XCConfigurationList;
			buildConfigurations = (
				00CA722922BA8D52003FD18A /* Debug */,
				00CA722A22BA8D52003FD18A /* Release */,
			);
			defaultConfigurationIsVisible = 0;
			defaultConfigurationName = Release;
		};
/* End XCConfigurationList section */

/* Begin XCVersionGroup section */
		00CA721D22BA8D50003FD18A /* CoreDataWithRelationship.xcdatamodeld */ = {
			isa = XCVersionGroup;
			children = (
				00CA721E22BA8D50003FD18A /* CoreDataWithRelationship.xcdatamodel */,
			);
			currentVersion = 00CA721E22BA8D50003FD18A /* CoreDataWithRelationship.xcdatamodel */;
			path = CoreDataWithRelationship.xcdatamodeld;
			sourceTree = "<group>";
			versionGroupType = wrapper.xcdatamodel;
		};
/* End XCVersionGroup section */
	};
	rootObject = 00CA720B22BA8D50003FD18A /* Project object */;
}
